
Microsoft Visual Studio Solution File, Format Version 12.00
# Visual Studio Version 16
VisualStudioVersion = 16.0.29102.190
MinimumVisualStudioVersion = 10.0.40219.1
Project("{FAE04EC0-301F-11D3-BF4B-00C04F79EFBC}") = "Excel Ribbon", "Excel Ribbon\Excel Ribbon.csproj", "{11C968A1-359F-4C1A-944E-FB95434CBC9D}"
	ProjectSection(ProjectDependencies) = postProject
		{19601B53-03F9-4A00-A363-6D700C970513} = {19601B53-03F9-4A00-A363-6D700C970513}
		{84DEF76F-99A8-4668-A0CF-2BCF7EB3D2A4} = {84DEF76F-99A8-4668-A0CF-2BCF7EB3D2A4}
	EndProjectSection
EndProject
Project("{2150E333-8FDC-42A3-9474-1A3956D46DE8}") = "Core", "Core", "{8AE0A061-C3AA-4B76-8EDE-0BCB33C2AA40}"
EndProject
Project("{2150E333-8FDC-42A3-9474-1A3956D46DE8}") = "Excel", "Excel", "{628E03D2-94D2-4953-85FB-F2683762EA83}"
EndProject
Project("{FAE04EC0-301F-11D3-BF4B-00C04F79EFBC}") = "Python Engine", "Python Engine\Python Engine.csproj", "{84DEF76F-99A8-4668-A0CF-2BCF7EB3D2A4}"
EndProject
Project("{FAE04EC0-301F-11D3-BF4B-00C04F79EFBC}") = "Macro Engine", "Macro Engine\Macro Engine.csproj", "{1C58F68F-E109-4A24-B8EA-FA7B10465813}"
EndProject
Project("{2150E333-8FDC-42A3-9474-1A3956D46DE8}") = "Extensions", "Extensions", "{6EB0722D-7D67-4EB0-903B-EDFA997AA2EA}"
EndProject
Project("{FAE04EC0-301F-11D3-BF4B-00C04F79EFBC}") = "IronPython Engine", "IronPythonEngine\IronPython Engine.csproj", "{19601B53-03F9-4A00-A363-6D700C970513}"
EndProject
Project("{FAE04EC0-301F-11D3-BF4B-00C04F79EFBC}") = "Macro UI", "Macro UI\Macro UI.csproj", "{969B48D6-14F9-4B08-B7EE-89F2363E8910}"
EndProject
Global
	GlobalSection(SolutionConfigurationPlatforms) = preSolution
		Debug|Any CPU = Debug|Any CPU
		Debug|x64 = Debug|x64
		Debug|x86 = Debug|x86
		DebugMono|Any CPU = DebugMono|Any CPU
		DebugMono|x64 = DebugMono|x64
		DebugMono|x86 = DebugMono|x86
		DebugMonoPY3|Any CPU = DebugMonoPY3|Any CPU
		DebugMonoPY3|x64 = DebugMonoPY3|x64
		DebugMonoPY3|x86 = DebugMonoPY3|x86
		DebugWin|Any CPU = DebugWin|Any CPU
		DebugWin|x64 = DebugWin|x64
		DebugWin|x86 = DebugWin|x86
		DebugWinPY3|Any CPU = DebugWinPY3|Any CPU
		DebugWinPY3|x64 = DebugWinPY3|x64
		DebugWinPY3|x86 = DebugWinPY3|x86
		Release|Any CPU = Release|Any CPU
		Release|x64 = Release|x64
		Release|x86 = Release|x86
		ReleaseMono|Any CPU = ReleaseMono|Any CPU
		ReleaseMono|x64 = ReleaseMono|x64
		ReleaseMono|x86 = ReleaseMono|x86
		ReleaseMonoPY3|Any CPU = ReleaseMonoPY3|Any CPU
		ReleaseMonoPY3|x64 = ReleaseMonoPY3|x64
		ReleaseMonoPY3|x86 = ReleaseMonoPY3|x86
		ReleaseWin|Any CPU = ReleaseWin|Any CPU
		ReleaseWin|x64 = ReleaseWin|x64
		ReleaseWin|x86 = ReleaseWin|x86
		ReleaseWinPY3|Any CPU = ReleaseWinPY3|Any CPU
		ReleaseWinPY3|x64 = ReleaseWinPY3|x64
		ReleaseWinPY3|x86 = ReleaseWinPY3|x86
	EndGlobalSection
	GlobalSection(ProjectConfigurationPlatforms) = postSolution
		{11C968A1-359F-4C1A-944E-FB95434CBC9D}.Debug|Any CPU.ActiveCfg = Debug|Any CPU
		{11C968A1-359F-4C1A-944E-FB95434CBC9D}.Debug|Any CPU.Build.0 = Debug|Any CPU
		{11C968A1-359F-4C1A-944E-FB95434CBC9D}.Debug|x64.ActiveCfg = Debug|x64
		{11C968A1-359F-4C1A-944E-FB95434CBC9D}.Debug|x64.Build.0 = Debug|x64
		{11C968A1-359F-4C1A-944E-FB95434CBC9D}.Debug|x86.ActiveCfg = Debug|x86
		{11C968A1-359F-4C1A-944E-FB95434CBC9D}.Debug|x86.Build.0 = Debug|x86
		{11C968A1-359F-4C1A-944E-FB95434CBC9D}.DebugMono|Any CPU.ActiveCfg = Debug|Any CPU
		{11C968A1-359F-4C1A-944E-FB95434CBC9D}.DebugMono|Any CPU.Build.0 = Debug|Any CPU
		{11C968A1-359F-4C1A-944E-FB95434CBC9D}.DebugMono|x64.ActiveCfg = Debug|x64
		{11C968A1-359F-4C1A-944E-FB95434CBC9D}.DebugMono|x64.Build.0 = Debug|x64
		{11C968A1-359F-4C1A-944E-FB95434CBC9D}.DebugMono|x86.ActiveCfg = Debug|x86
		{11C968A1-359F-4C1A-944E-FB95434CBC9D}.DebugMono|x86.Build.0 = Debug|x86
		{11C968A1-359F-4C1A-944E-FB95434CBC9D}.DebugMonoPY3|Any CPU.ActiveCfg = Debug|Any CPU
		{11C968A1-359F-4C1A-944E-FB95434CBC9D}.DebugMonoPY3|Any CPU.Build.0 = Debug|Any CPU
		{11C968A1-359F-4C1A-944E-FB95434CBC9D}.DebugMonoPY3|x64.ActiveCfg = Debug|x64
		{11C968A1-359F-4C1A-944E-FB95434CBC9D}.DebugMonoPY3|x64.Build.0 = Debug|x64
		{11C968A1-359F-4C1A-944E-FB95434CBC9D}.DebugMonoPY3|x86.ActiveCfg = Debug|x86
		{11C968A1-359F-4C1A-944E-FB95434CBC9D}.DebugMonoPY3|x86.Build.0 = Debug|x86
		{11C968A1-359F-4C1A-944E-FB95434CBC9D}.DebugWin|Any CPU.ActiveCfg = Debug|Any CPU
		{11C968A1-359F-4C1A-944E-FB95434CBC9D}.DebugWin|Any CPU.Build.0 = Debug|Any CPU
		{11C968A1-359F-4C1A-944E-FB95434CBC9D}.DebugWin|x64.ActiveCfg = Debug|x64
		{11C968A1-359F-4C1A-944E-FB95434CBC9D}.DebugWin|x64.Build.0 = Debug|x64
		{11C968A1-359F-4C1A-944E-FB95434CBC9D}.DebugWin|x86.ActiveCfg = Debug|x86
		{11C968A1-359F-4C1A-944E-FB95434CBC9D}.DebugWin|x86.Build.0 = Debug|x86
		{11C968A1-359F-4C1A-944E-FB95434CBC9D}.DebugWinPY3|Any CPU.ActiveCfg = Debug|Any CPU
		{11C968A1-359F-4C1A-944E-FB95434CBC9D}.DebugWinPY3|Any CPU.Build.0 = Debug|Any CPU
		{11C968A1-359F-4C1A-944E-FB95434CBC9D}.DebugWinPY3|x64.ActiveCfg = Debug|x64
		{11C968A1-359F-4C1A-944E-FB95434CBC9D}.DebugWinPY3|x64.Build.0 = Debug|x64
		{11C968A1-359F-4C1A-944E-FB95434CBC9D}.DebugWinPY3|x86.ActiveCfg = Debug|x86
		{11C968A1-359F-4C1A-944E-FB95434CBC9D}.DebugWinPY3|x86.Build.0 = Debug|x86
		{11C968A1-359F-4C1A-944E-FB95434CBC9D}.Release|Any CPU.ActiveCfg = Release|Any CPU
		{11C968A1-359F-4C1A-944E-FB95434CBC9D}.Release|Any CPU.Build.0 = Release|Any CPU
		{11C968A1-359F-4C1A-944E-FB95434CBC9D}.Release|x64.ActiveCfg = Release|x64
		{11C968A1-359F-4C1A-944E-FB95434CBC9D}.Release|x64.Build.0 = Release|x64
		{11C968A1-359F-4C1A-944E-FB95434CBC9D}.Release|x86.ActiveCfg = Release|x86
		{11C968A1-359F-4C1A-944E-FB95434CBC9D}.Release|x86.Build.0 = Release|x86
		{11C968A1-359F-4C1A-944E-FB95434CBC9D}.ReleaseMono|Any CPU.ActiveCfg = Release|Any CPU
		{11C968A1-359F-4C1A-944E-FB95434CBC9D}.ReleaseMono|Any CPU.Build.0 = Release|Any CPU
		{11C968A1-359F-4C1A-944E-FB95434CBC9D}.ReleaseMono|x64.ActiveCfg = Release|x64
		{11C968A1-359F-4C1A-944E-FB95434CBC9D}.ReleaseMono|x64.Build.0 = Release|x64
		{11C968A1-359F-4C1A-944E-FB95434CBC9D}.ReleaseMono|x86.ActiveCfg = Release|x86
		{11C968A1-359F-4C1A-944E-FB95434CBC9D}.ReleaseMono|x86.Build.0 = Release|x86
		{11C968A1-359F-4C1A-944E-FB95434CBC9D}.ReleaseMonoPY3|Any CPU.ActiveCfg = Release|Any CPU
		{11C968A1-359F-4C1A-944E-FB95434CBC9D}.ReleaseMonoPY3|Any CPU.Build.0 = Release|Any CPU
		{11C968A1-359F-4C1A-944E-FB95434CBC9D}.ReleaseMonoPY3|x64.ActiveCfg = Release|x64
		{11C968A1-359F-4C1A-944E-FB95434CBC9D}.ReleaseMonoPY3|x64.Build.0 = Release|x64
		{11C968A1-359F-4C1A-944E-FB95434CBC9D}.ReleaseMonoPY3|x86.ActiveCfg = Release|x86
		{11C968A1-359F-4C1A-944E-FB95434CBC9D}.ReleaseMonoPY3|x86.Build.0 = Release|x86
		{11C968A1-359F-4C1A-944E-FB95434CBC9D}.ReleaseWin|Any CPU.ActiveCfg = Release|Any CPU
		{11C968A1-359F-4C1A-944E-FB95434CBC9D}.ReleaseWin|Any CPU.Build.0 = Release|Any CPU
		{11C968A1-359F-4C1A-944E-FB95434CBC9D}.ReleaseWin|x64.ActiveCfg = Release|x64
		{11C968A1-359F-4C1A-944E-FB95434CBC9D}.ReleaseWin|x64.Build.0 = Release|x64
		{11C968A1-359F-4C1A-944E-FB95434CBC9D}.ReleaseWin|x86.ActiveCfg = Release|x86
		{11C968A1-359F-4C1A-944E-FB95434CBC9D}.ReleaseWin|x86.Build.0 = Release|x86
		{11C968A1-359F-4C1A-944E-FB95434CBC9D}.ReleaseWinPY3|Any CPU.ActiveCfg = Release|Any CPU
		{11C968A1-359F-4C1A-944E-FB95434CBC9D}.ReleaseWinPY3|Any CPU.Build.0 = Release|Any CPU
		{11C968A1-359F-4C1A-944E-FB95434CBC9D}.ReleaseWinPY3|x64.ActiveCfg = Release|x64
		{11C968A1-359F-4C1A-944E-FB95434CBC9D}.ReleaseWinPY3|x64.Build.0 = Release|x64
		{11C968A1-359F-4C1A-944E-FB95434CBC9D}.ReleaseWinPY3|x86.ActiveCfg = Release|x86
		{11C968A1-359F-4C1A-944E-FB95434CBC9D}.ReleaseWinPY3|x86.Build.0 = Release|x86
		{84DEF76F-99A8-4668-A0CF-2BCF7EB3D2A4}.Debug|Any CPU.ActiveCfg = Debug|Any CPU
		{84DEF76F-99A8-4668-A0CF-2BCF7EB3D2A4}.Debug|Any CPU.Build.0 = Debug|Any CPU
		{84DEF76F-99A8-4668-A0CF-2BCF7EB3D2A4}.Debug|x64.ActiveCfg = Debug|x64
		{84DEF76F-99A8-4668-A0CF-2BCF7EB3D2A4}.Debug|x64.Build.0 = Debug|x64
		{84DEF76F-99A8-4668-A0CF-2BCF7EB3D2A4}.Debug|x86.ActiveCfg = Debug|x86
		{84DEF76F-99A8-4668-A0CF-2BCF7EB3D2A4}.Debug|x86.Build.0 = Debug|x86
		{84DEF76F-99A8-4668-A0CF-2BCF7EB3D2A4}.DebugMono|Any CPU.ActiveCfg = Debug|Any CPU
		{84DEF76F-99A8-4668-A0CF-2BCF7EB3D2A4}.DebugMono|Any CPU.Build.0 = Debug|Any CPU
		{84DEF76F-99A8-4668-A0CF-2BCF7EB3D2A4}.DebugMono|x64.ActiveCfg = Debug|x64
		{84DEF76F-99A8-4668-A0CF-2BCF7EB3D2A4}.DebugMono|x64.Build.0 = Debug|x64
		{84DEF76F-99A8-4668-A0CF-2BCF7EB3D2A4}.DebugMono|x86.ActiveCfg = Debug|x86
		{84DEF76F-99A8-4668-A0CF-2BCF7EB3D2A4}.DebugMono|x86.Build.0 = Debug|x86
		{84DEF76F-99A8-4668-A0CF-2BCF7EB3D2A4}.DebugMonoPY3|Any CPU.ActiveCfg = Debug|Any CPU
		{84DEF76F-99A8-4668-A0CF-2BCF7EB3D2A4}.DebugMonoPY3|Any CPU.Build.0 = Debug|Any CPU
		{84DEF76F-99A8-4668-A0CF-2BCF7EB3D2A4}.DebugMonoPY3|x64.ActiveCfg = Debug|x64
		{84DEF76F-99A8-4668-A0CF-2BCF7EB3D2A4}.DebugMonoPY3|x64.Build.0 = Debug|x64
		{84DEF76F-99A8-4668-A0CF-2BCF7EB3D2A4}.DebugMonoPY3|x86.ActiveCfg = Debug|x86
		{84DEF76F-99A8-4668-A0CF-2BCF7EB3D2A4}.DebugMonoPY3|x86.Build.0 = Debug|x86
		{84DEF76F-99A8-4668-A0CF-2BCF7EB3D2A4}.DebugWin|Any CPU.ActiveCfg = Debug|Any CPU
		{84DEF76F-99A8-4668-A0CF-2BCF7EB3D2A4}.DebugWin|Any CPU.Build.0 = Debug|Any CPU
		{84DEF76F-99A8-4668-A0CF-2BCF7EB3D2A4}.DebugWin|x64.ActiveCfg = Debug|x64
		{84DEF76F-99A8-4668-A0CF-2BCF7EB3D2A4}.DebugWin|x64.Build.0 = Debug|x64
		{84DEF76F-99A8-4668-A0CF-2BCF7EB3D2A4}.DebugWin|x86.ActiveCfg = Debug|x86
		{84DEF76F-99A8-4668-A0CF-2BCF7EB3D2A4}.DebugWin|x86.Build.0 = Debug|x86
		{84DEF76F-99A8-4668-A0CF-2BCF7EB3D2A4}.DebugWinPY3|Any CPU.ActiveCfg = Debug|Any CPU
		{84DEF76F-99A8-4668-A0CF-2BCF7EB3D2A4}.DebugWinPY3|Any CPU.Build.0 = Debug|Any CPU
		{84DEF76F-99A8-4668-A0CF-2BCF7EB3D2A4}.DebugWinPY3|x64.ActiveCfg = Debug|x64
		{84DEF76F-99A8-4668-A0CF-2BCF7EB3D2A4}.DebugWinPY3|x64.Build.0 = Debug|x64
		{84DEF76F-99A8-4668-A0CF-2BCF7EB3D2A4}.DebugWinPY3|x86.ActiveCfg = Debug|x86
		{84DEF76F-99A8-4668-A0CF-2BCF7EB3D2A4}.DebugWinPY3|x86.Build.0 = Debug|x86
		{84DEF76F-99A8-4668-A0CF-2BCF7EB3D2A4}.Release|Any CPU.ActiveCfg = Release|Any CPU
		{84DEF76F-99A8-4668-A0CF-2BCF7EB3D2A4}.Release|Any CPU.Build.0 = Release|Any CPU
		{84DEF76F-99A8-4668-A0CF-2BCF7EB3D2A4}.Release|x64.ActiveCfg = Release|x64
		{84DEF76F-99A8-4668-A0CF-2BCF7EB3D2A4}.Release|x64.Build.0 = Release|x64
		{84DEF76F-99A8-4668-A0CF-2BCF7EB3D2A4}.Release|x86.ActiveCfg = Release|x86
		{84DEF76F-99A8-4668-A0CF-2BCF7EB3D2A4}.Release|x86.Build.0 = Release|x86
		{84DEF76F-99A8-4668-A0CF-2BCF7EB3D2A4}.ReleaseMono|Any CPU.ActiveCfg = Release|Any CPU
		{84DEF76F-99A8-4668-A0CF-2BCF7EB3D2A4}.ReleaseMono|Any CPU.Build.0 = Release|Any CPU
		{84DEF76F-99A8-4668-A0CF-2BCF7EB3D2A4}.ReleaseMono|x64.ActiveCfg = Release|x64
		{84DEF76F-99A8-4668-A0CF-2BCF7EB3D2A4}.ReleaseMono|x64.Build.0 = Release|x64
		{84DEF76F-99A8-4668-A0CF-2BCF7EB3D2A4}.ReleaseMono|x86.ActiveCfg = Release|x86
		{84DEF76F-99A8-4668-A0CF-2BCF7EB3D2A4}.ReleaseMono|x86.Build.0 = Release|x86
		{84DEF76F-99A8-4668-A0CF-2BCF7EB3D2A4}.ReleaseMonoPY3|Any CPU.ActiveCfg = Release|Any CPU
		{84DEF76F-99A8-4668-A0CF-2BCF7EB3D2A4}.ReleaseMonoPY3|Any CPU.Build.0 = Release|Any CPU
		{84DEF76F-99A8-4668-A0CF-2BCF7EB3D2A4}.ReleaseMonoPY3|x64.ActiveCfg = Release|x64
		{84DEF76F-99A8-4668-A0CF-2BCF7EB3D2A4}.ReleaseMonoPY3|x64.Build.0 = Release|x64
		{84DEF76F-99A8-4668-A0CF-2BCF7EB3D2A4}.ReleaseMonoPY3|x86.ActiveCfg = Release|x86
		{84DEF76F-99A8-4668-A0CF-2BCF7EB3D2A4}.ReleaseMonoPY3|x86.Build.0 = Release|x86
		{84DEF76F-99A8-4668-A0CF-2BCF7EB3D2A4}.ReleaseWin|Any CPU.ActiveCfg = Release|Any CPU
		{84DEF76F-99A8-4668-A0CF-2BCF7EB3D2A4}.ReleaseWin|Any CPU.Build.0 = Release|Any CPU
		{84DEF76F-99A8-4668-A0CF-2BCF7EB3D2A4}.ReleaseWin|x64.ActiveCfg = Release|x64
		{84DEF76F-99A8-4668-A0CF-2BCF7EB3D2A4}.ReleaseWin|x64.Build.0 = Release|x64
		{84DEF76F-99A8-4668-A0CF-2BCF7EB3D2A4}.ReleaseWin|x86.ActiveCfg = Release|x86
		{84DEF76F-99A8-4668-A0CF-2BCF7EB3D2A4}.ReleaseWin|x86.Build.0 = Release|x86
		{84DEF76F-99A8-4668-A0CF-2BCF7EB3D2A4}.ReleaseWinPY3|Any CPU.ActiveCfg = Release|Any CPU
		{84DEF76F-99A8-4668-A0CF-2BCF7EB3D2A4}.ReleaseWinPY3|Any CPU.Build.0 = Release|Any CPU
		{84DEF76F-99A8-4668-A0CF-2BCF7EB3D2A4}.ReleaseWinPY3|x64.ActiveCfg = Release|x64
		{84DEF76F-99A8-4668-A0CF-2BCF7EB3D2A4}.ReleaseWinPY3|x64.Build.0 = Release|x64
		{84DEF76F-99A8-4668-A0CF-2BCF7EB3D2A4}.ReleaseWinPY3|x86.ActiveCfg = Release|x86
		{84DEF76F-99A8-4668-A0CF-2BCF7EB3D2A4}.ReleaseWinPY3|x86.Build.0 = Release|x86
		{1C58F68F-E109-4A24-B8EA-FA7B10465813}.Debug|Any CPU.ActiveCfg = Debug|Any CPU
		{1C58F68F-E109-4A24-B8EA-FA7B10465813}.Debug|Any CPU.Build.0 = Debug|Any CPU
		{1C58F68F-E109-4A24-B8EA-FA7B10465813}.Debug|x64.ActiveCfg = Debug|x64
		{1C58F68F-E109-4A24-B8EA-FA7B10465813}.Debug|x64.Build.0 = Debug|x64
		{1C58F68F-E109-4A24-B8EA-FA7B10465813}.Debug|x86.ActiveCfg = Debug|x86
		{1C58F68F-E109-4A24-B8EA-FA7B10465813}.Debug|x86.Build.0 = Debug|x86
		{1C58F68F-E109-4A24-B8EA-FA7B10465813}.DebugMono|Any CPU.ActiveCfg = Debug|Any CPU
		{1C58F68F-E109-4A24-B8EA-FA7B10465813}.DebugMono|Any CPU.Build.0 = Debug|Any CPU
		{1C58F68F-E109-4A24-B8EA-FA7B10465813}.DebugMono|x64.ActiveCfg = Debug|x64
		{1C58F68F-E109-4A24-B8EA-FA7B10465813}.DebugMono|x64.Build.0 = Debug|x64
		{1C58F68F-E109-4A24-B8EA-FA7B10465813}.DebugMono|x86.ActiveCfg = Debug|x86
		{1C58F68F-E109-4A24-B8EA-FA7B10465813}.DebugMono|x86.Build.0 = Debug|x86
		{1C58F68F-E109-4A24-B8EA-FA7B10465813}.DebugMonoPY3|Any CPU.ActiveCfg = Debug|Any CPU
		{1C58F68F-E109-4A24-B8EA-FA7B10465813}.DebugMonoPY3|Any CPU.Build.0 = Debug|Any CPU
		{1C58F68F-E109-4A24-B8EA-FA7B10465813}.DebugMonoPY3|x64.ActiveCfg = Debug|x64
		{1C58F68F-E109-4A24-B8EA-FA7B10465813}.DebugMonoPY3|x64.Build.0 = Debug|x64
		{1C58F68F-E109-4A24-B8EA-FA7B10465813}.DebugMonoPY3|x86.ActiveCfg = Debug|x86
		{1C58F68F-E109-4A24-B8EA-FA7B10465813}.DebugMonoPY3|x86.Build.0 = Debug|x86
		{1C58F68F-E109-4A24-B8EA-FA7B10465813}.DebugWin|Any CPU.ActiveCfg = Debug|Any CPU
		{1C58F68F-E109-4A24-B8EA-FA7B10465813}.DebugWin|Any CPU.Build.0 = Debug|Any CPU
		{1C58F68F-E109-4A24-B8EA-FA7B10465813}.DebugWin|x64.ActiveCfg = Debug|x64
		{1C58F68F-E109-4A24-B8EA-FA7B10465813}.DebugWin|x64.Build.0 = Debug|x64
		{1C58F68F-E109-4A24-B8EA-FA7B10465813}.DebugWin|x86.ActiveCfg = Debug|x86
		{1C58F68F-E109-4A24-B8EA-FA7B10465813}.DebugWin|x86.Build.0 = Debug|x86
		{1C58F68F-E109-4A24-B8EA-FA7B10465813}.DebugWinPY3|Any CPU.ActiveCfg = Debug|Any CPU
		{1C58F68F-E109-4A24-B8EA-FA7B10465813}.DebugWinPY3|Any CPU.Build.0 = Debug|Any CPU
		{1C58F68F-E109-4A24-B8EA-FA7B10465813}.DebugWinPY3|x64.ActiveCfg = Debug|x64
		{1C58F68F-E109-4A24-B8EA-FA7B10465813}.DebugWinPY3|x64.Build.0 = Debug|x64
		{1C58F68F-E109-4A24-B8EA-FA7B10465813}.DebugWinPY3|x86.ActiveCfg = Debug|x86
		{1C58F68F-E109-4A24-B8EA-FA7B10465813}.DebugWinPY3|x86.Build.0 = Debug|x86
		{1C58F68F-E109-4A24-B8EA-FA7B10465813}.Release|Any CPU.ActiveCfg = Release|Any CPU
		{1C58F68F-E109-4A24-B8EA-FA7B10465813}.Release|Any CPU.Build.0 = Release|Any CPU
		{1C58F68F-E109-4A24-B8EA-FA7B10465813}.Release|x64.ActiveCfg = Release|x64
		{1C58F68F-E109-4A24-B8EA-FA7B10465813}.Release|x64.Build.0 = Release|x64
		{1C58F68F-E109-4A24-B8EA-FA7B10465813}.Release|x86.ActiveCfg = Release|x86
		{1C58F68F-E109-4A24-B8EA-FA7B10465813}.Release|x86.Build.0 = Release|x86
		{1C58F68F-E109-4A24-B8EA-FA7B10465813}.ReleaseMono|Any CPU.ActiveCfg = Release|Any CPU
		{1C58F68F-E109-4A24-B8EA-FA7B10465813}.ReleaseMono|Any CPU.Build.0 = Release|Any CPU
		{1C58F68F-E109-4A24-B8EA-FA7B10465813}.ReleaseMono|x64.ActiveCfg = Release|x64
		{1C58F68F-E109-4A24-B8EA-FA7B10465813}.ReleaseMono|x64.Build.0 = Release|x64
		{1C58F68F-E109-4A24-B8EA-FA7B10465813}.ReleaseMono|x86.ActiveCfg = Release|x86
		{1C58F68F-E109-4A24-B8EA-FA7B10465813}.ReleaseMono|x86.Build.0 = Release|x86
		{1C58F68F-E109-4A24-B8EA-FA7B10465813}.ReleaseMonoPY3|Any CPU.ActiveCfg = Release|Any CPU
		{1C58F68F-E109-4A24-B8EA-FA7B10465813}.ReleaseMonoPY3|Any CPU.Build.0 = Release|Any CPU
		{1C58F68F-E109-4A24-B8EA-FA7B10465813}.ReleaseMonoPY3|x64.ActiveCfg = Release|x64
		{1C58F68F-E109-4A24-B8EA-FA7B10465813}.ReleaseMonoPY3|x64.Build.0 = Release|x64
		{1C58F68F-E109-4A24-B8EA-FA7B10465813}.ReleaseMonoPY3|x86.ActiveCfg = Release|x86
		{1C58F68F-E109-4A24-B8EA-FA7B10465813}.ReleaseMonoPY3|x86.Build.0 = Release|x86
		{1C58F68F-E109-4A24-B8EA-FA7B10465813}.ReleaseWin|Any CPU.ActiveCfg = Release|Any CPU
		{1C58F68F-E109-4A24-B8EA-FA7B10465813}.ReleaseWin|Any CPU.Build.0 = Release|Any CPU
		{1C58F68F-E109-4A24-B8EA-FA7B10465813}.ReleaseWin|x64.ActiveCfg = Release|x64
		{1C58F68F-E109-4A24-B8EA-FA7B10465813}.ReleaseWin|x64.Build.0 = Release|x64
		{1C58F68F-E109-4A24-B8EA-FA7B10465813}.ReleaseWin|x86.ActiveCfg = Release|x86
		{1C58F68F-E109-4A24-B8EA-FA7B10465813}.ReleaseWin|x86.Build.0 = Release|x86
		{1C58F68F-E109-4A24-B8EA-FA7B10465813}.ReleaseWinPY3|Any CPU.ActiveCfg = Release|Any CPU
		{1C58F68F-E109-4A24-B8EA-FA7B10465813}.ReleaseWinPY3|Any CPU.Build.0 = Release|Any CPU
		{1C58F68F-E109-4A24-B8EA-FA7B10465813}.ReleaseWinPY3|x64.ActiveCfg = Release|x64
		{1C58F68F-E109-4A24-B8EA-FA7B10465813}.ReleaseWinPY3|x64.Build.0 = Release|x64
		{1C58F68F-E109-4A24-B8EA-FA7B10465813}.ReleaseWinPY3|x86.ActiveCfg = Release|x86
		{1C58F68F-E109-4A24-B8EA-FA7B10465813}.ReleaseWinPY3|x86.Build.0 = Release|x86
		{19601B53-03F9-4A00-A363-6D700C970513}.Debug|Any CPU.ActiveCfg = Debug|Any CPU
		{19601B53-03F9-4A00-A363-6D700C970513}.Debug|Any CPU.Build.0 = Debug|Any CPU
		{19601B53-03F9-4A00-A363-6D700C970513}.Debug|x64.ActiveCfg = Debug|Any CPU
		{19601B53-03F9-4A00-A363-6D700C970513}.Debug|x64.Build.0 = Debug|Any CPU
		{19601B53-03F9-4A00-A363-6D700C970513}.Debug|x86.ActiveCfg = Debug|Any CPU
		{19601B53-03F9-4A00-A363-6D700C970513}.Debug|x86.Build.0 = Debug|Any CPU
		{19601B53-03F9-4A00-A363-6D700C970513}.DebugMono|Any CPU.ActiveCfg = Debug|Any CPU
		{19601B53-03F9-4A00-A363-6D700C970513}.DebugMono|Any CPU.Build.0 = Debug|Any CPU
		{19601B53-03F9-4A00-A363-6D700C970513}.DebugMono|x64.ActiveCfg = Debug|Any CPU
		{19601B53-03F9-4A00-A363-6D700C970513}.DebugMono|x64.Build.0 = Debug|Any CPU
		{19601B53-03F9-4A00-A363-6D700C970513}.DebugMono|x86.ActiveCfg = Debug|Any CPU
		{19601B53-03F9-4A00-A363-6D700C970513}.DebugMono|x86.Build.0 = Debug|Any CPU
		{19601B53-03F9-4A00-A363-6D700C970513}.DebugMonoPY3|Any CPU.ActiveCfg = Debug|Any CPU
		{19601B53-03F9-4A00-A363-6D700C970513}.DebugMonoPY3|Any CPU.Build.0 = Debug|Any CPU
		{19601B53-03F9-4A00-A363-6D700C970513}.DebugMonoPY3|x64.ActiveCfg = Debug|Any CPU
		{19601B53-03F9-4A00-A363-6D700C970513}.DebugMonoPY3|x64.Build.0 = Debug|Any CPU
		{19601B53-03F9-4A00-A363-6D700C970513}.DebugMonoPY3|x86.ActiveCfg = Debug|Any CPU
		{19601B53-03F9-4A00-A363-6D700C970513}.DebugMonoPY3|x86.Build.0 = Debug|Any CPU
		{19601B53-03F9-4A00-A363-6D700C970513}.DebugWin|Any CPU.ActiveCfg = Debug|Any CPU
		{19601B53-03F9-4A00-A363-6D700C970513}.DebugWin|Any CPU.Build.0 = Debug|Any CPU
		{19601B53-03F9-4A00-A363-6D700C970513}.DebugWin|x64.ActiveCfg = Debug|Any CPU
		{19601B53-03F9-4A00-A363-6D700C970513}.DebugWin|x64.Build.0 = Debug|Any CPU
		{19601B53-03F9-4A00-A363-6D700C970513}.DebugWin|x86.ActiveCfg = Debug|Any CPU
		{19601B53-03F9-4A00-A363-6D700C970513}.DebugWin|x86.Build.0 = Debug|Any CPU
		{19601B53-03F9-4A00-A363-6D700C970513}.DebugWinPY3|Any CPU.ActiveCfg = Debug|Any CPU
		{19601B53-03F9-4A00-A363-6D700C970513}.DebugWinPY3|Any CPU.Build.0 = Debug|Any CPU
		{19601B53-03F9-4A00-A363-6D700C970513}.DebugWinPY3|x64.ActiveCfg = Debug|Any CPU
		{19601B53-03F9-4A00-A363-6D700C970513}.DebugWinPY3|x64.Build.0 = Debug|Any CPU
		{19601B53-03F9-4A00-A363-6D700C970513}.DebugWinPY3|x86.ActiveCfg = Debug|Any CPU
		{19601B53-03F9-4A00-A363-6D700C970513}.DebugWinPY3|x86.Build.0 = Debug|Any CPU
		{19601B53-03F9-4A00-A363-6D700C970513}.Release|Any CPU.ActiveCfg = Release|Any CPU
		{19601B53-03F9-4A00-A363-6D700C970513}.Release|Any CPU.Build.0 = Release|Any CPU
		{19601B53-03F9-4A00-A363-6D700C970513}.Release|x64.ActiveCfg = Release|Any CPU
		{19601B53-03F9-4A00-A363-6D700C970513}.Release|x64.Build.0 = Release|Any CPU
		{19601B53-03F9-4A00-A363-6D700C970513}.Release|x86.ActiveCfg = Release|Any CPU
		{19601B53-03F9-4A00-A363-6D700C970513}.Release|x86.Build.0 = Release|Any CPU
		{19601B53-03F9-4A00-A363-6D700C970513}.ReleaseMono|Any CPU.ActiveCfg = Release|Any CPU
		{19601B53-03F9-4A00-A363-6D700C970513}.ReleaseMono|Any CPU.Build.0 = Release|Any CPU
		{19601B53-03F9-4A00-A363-6D700C970513}.ReleaseMono|x64.ActiveCfg = Release|Any CPU
		{19601B53-03F9-4A00-A363-6D700C970513}.ReleaseMono|x64.Build.0 = Release|Any CPU
		{19601B53-03F9-4A00-A363-6D700C970513}.ReleaseMono|x86.ActiveCfg = Release|Any CPU
		{19601B53-03F9-4A00-A363-6D700C970513}.ReleaseMono|x86.Build.0 = Release|Any CPU
		{19601B53-03F9-4A00-A363-6D700C970513}.ReleaseMonoPY3|Any CPU.ActiveCfg = Release|Any CPU
		{19601B53-03F9-4A00-A363-6D700C970513}.ReleaseMonoPY3|Any CPU.Build.0 = Release|Any CPU
		{19601B53-03F9-4A00-A363-6D700C970513}.ReleaseMonoPY3|x64.ActiveCfg = Release|Any CPU
		{19601B53-03F9-4A00-A363-6D700C970513}.ReleaseMonoPY3|x64.Build.0 = Release|Any CPU
		{19601B53-03F9-4A00-A363-6D700C970513}.ReleaseMonoPY3|x86.ActiveCfg = Release|Any CPU
		{19601B53-03F9-4A00-A363-6D700C970513}.ReleaseMonoPY3|x86.Build.0 = Release|Any CPU
		{19601B53-03F9-4A00-A363-6D700C970513}.ReleaseWin|Any CPU.ActiveCfg = Release|Any CPU
		{19601B53-03F9-4A00-A363-6D700C970513}.ReleaseWin|Any CPU.Build.0 = Release|Any CPU
		{19601B53-03F9-4A00-A363-6D700C970513}.ReleaseWin|x64.ActiveCfg = Release|Any CPU
		{19601B53-03F9-4A00-A363-6D700C970513}.ReleaseWin|x64.Build.0 = Release|Any CPU
		{19601B53-03F9-4A00-A363-6D700C970513}.ReleaseWin|x86.ActiveCfg = Release|Any CPU
		{19601B53-03F9-4A00-A363-6D700C970513}.ReleaseWin|x86.Build.0 = Release|Any CPU
		{19601B53-03F9-4A00-A363-6D700C970513}.ReleaseWinPY3|Any CPU.ActiveCfg = Release|Any CPU
		{19601B53-03F9-4A00-A363-6D700C970513}.ReleaseWinPY3|Any CPU.Build.0 = Release|Any CPU
		{19601B53-03F9-4A00-A363-6D700C970513}.ReleaseWinPY3|x64.ActiveCfg = Release|Any CPU
		{19601B53-03F9-4A00-A363-6D700C970513}.ReleaseWinPY3|x64.Build.0 = Release|Any CPU
		{19601B53-03F9-4A00-A363-6D700C970513}.ReleaseWinPY3|x86.ActiveCfg = Release|Any CPU
		{19601B53-03F9-4A00-A363-6D700C970513}.ReleaseWinPY3|x86.Build.0 = Release|Any CPU
		{969B48D6-14F9-4B08-B7EE-89F2363E8910}.Debug|Any CPU.ActiveCfg = Debug|Any CPU
		{969B48D6-14F9-4B08-B7EE-89F2363E8910}.Debug|Any CPU.Build.0 = Debug|Any CPU
		{969B48D6-14F9-4B08-B7EE-89F2363E8910}.Debug|x64.ActiveCfg = Debug|Any CPU
		{969B48D6-14F9-4B08-B7EE-89F2363E8910}.Debug|x64.Build.0 = Debug|Any CPU
		{969B48D6-14F9-4B08-B7EE-89F2363E8910}.Debug|x86.ActiveCfg = Debug|Any CPU
		{969B48D6-14F9-4B08-B7EE-89F2363E8910}.Debug|x86.Build.0 = Debug|Any CPU
		{969B48D6-14F9-4B08-B7EE-89F2363E8910}.DebugMono|Any CPU.ActiveCfg = Debug|Any CPU
		{969B48D6-14F9-4B08-B7EE-89F2363E8910}.DebugMono|Any CPU.Build.0 = Debug|Any CPU
		{969B48D6-14F9-4B08-B7EE-89F2363E8910}.DebugMono|x64.ActiveCfg = Debug|Any CPU
		{969B48D6-14F9-4B08-B7EE-89F2363E8910}.DebugMono|x64.Build.0 = Debug|Any CPU
		{969B48D6-14F9-4B08-B7EE-89F2363E8910}.DebugMono|x86.ActiveCfg = Debug|Any CPU
		{969B48D6-14F9-4B08-B7EE-89F2363E8910}.DebugMono|x86.Build.0 = Debug|Any CPU
		{969B48D6-14F9-4B08-B7EE-89F2363E8910}.DebugMonoPY3|Any CPU.ActiveCfg = Debug|Any CPU
		{969B48D6-14F9-4B08-B7EE-89F2363E8910}.DebugMonoPY3|Any CPU.Build.0 = Debug|Any CPU
		{969B48D6-14F9-4B08-B7EE-89F2363E8910}.DebugMonoPY3|x64.ActiveCfg = Debug|Any CPU
		{969B48D6-14F9-4B08-B7EE-89F2363E8910}.DebugMonoPY3|x64.Build.0 = Debug|Any CPU
		{969B48D6-14F9-4B08-B7EE-89F2363E8910}.DebugMonoPY3|x86.ActiveCfg = Debug|Any CPU
		{969B48D6-14F9-4B08-B7EE-89F2363E8910}.DebugMonoPY3|x86.Build.0 = Debug|Any CPU
		{969B48D6-14F9-4B08-B7EE-89F2363E8910}.DebugWin|Any CPU.ActiveCfg = Debug|Any CPU
		{969B48D6-14F9-4B08-B7EE-89F2363E8910}.DebugWin|Any CPU.Build.0 = Debug|Any CPU
		{969B48D6-14F9-4B08-B7EE-89F2363E8910}.DebugWin|x64.ActiveCfg = Debug|Any CPU
		{969B48D6-14F9-4B08-B7EE-89F2363E8910}.DebugWin|x64.Build.0 = Debug|Any CPU
		{969B48D6-14F9-4B08-B7EE-89F2363E8910}.DebugWin|x86.ActiveCfg = Debug|Any CPU
		{969B48D6-14F9-4B08-B7EE-89F2363E8910}.DebugWin|x86.Build.0 = Debug|Any CPU
		{969B48D6-14F9-4B08-B7EE-89F2363E8910}.DebugWinPY3|Any CPU.ActiveCfg = Debug|Any CPU
		{969B48D6-14F9-4B08-B7EE-89F2363E8910}.DebugWinPY3|Any CPU.Build.0 = Debug|Any CPU
		{969B48D6-14F9-4B08-B7EE-89F2363E8910}.DebugWinPY3|x64.ActiveCfg = Debug|Any CPU
		{969B48D6-14F9-4B08-B7EE-89F2363E8910}.DebugWinPY3|x64.Build.0 = Debug|Any CPU
		{969B48D6-14F9-4B08-B7EE-89F2363E8910}.DebugWinPY3|x86.ActiveCfg = Debug|Any CPU
		{969B48D6-14F9-4B08-B7EE-89F2363E8910}.DebugWinPY3|x86.Build.0 = Debug|Any CPU
		{969B48D6-14F9-4B08-B7EE-89F2363E8910}.Release|Any CPU.ActiveCfg = Release|Any CPU
		{969B48D6-14F9-4B08-B7EE-89F2363E8910}.Release|Any CPU.Build.0 = Release|Any CPU
		{969B48D6-14F9-4B08-B7EE-89F2363E8910}.Release|x64.ActiveCfg = Release|Any CPU
		{969B48D6-14F9-4B08-B7EE-89F2363E8910}.Release|x64.Build.0 = Release|Any CPU
		{969B48D6-14F9-4B08-B7EE-89F2363E8910}.Release|x86.ActiveCfg = Release|Any CPU
		{969B48D6-14F9-4B08-B7EE-89F2363E8910}.Release|x86.Build.0 = Release|Any CPU
		{969B48D6-14F9-4B08-B7EE-89F2363E8910}.ReleaseMono|Any CPU.ActiveCfg = Release|Any CPU
		{969B48D6-14F9-4B08-B7EE-89F2363E8910}.ReleaseMono|Any CPU.Build.0 = Release|Any CPU
		{969B48D6-14F9-4B08-B7EE-89F2363E8910}.ReleaseMono|x64.ActiveCfg = Release|Any CPU
		{969B48D6-14F9-4B08-B7EE-89F2363E8910}.ReleaseMono|x64.Build.0 = Release|Any CPU
		{969B48D6-14F9-4B08-B7EE-89F2363E8910}.ReleaseMono|x86.ActiveCfg = Release|Any CPU
		{969B48D6-14F9-4B08-B7EE-89F2363E8910}.ReleaseMono|x86.Build.0 = Release|Any CPU
		{969B48D6-14F9-4B08-B7EE-89F2363E8910}.ReleaseMonoPY3|Any CPU.ActiveCfg = Release|Any CPU
		{969B48D6-14F9-4B08-B7EE-89F2363E8910}.ReleaseMonoPY3|Any CPU.Build.0 = Release|Any CPU
		{969B48D6-14F9-4B08-B7EE-89F2363E8910}.ReleaseMonoPY3|x64.ActiveCfg = Release|Any CPU
		{969B48D6-14F9-4B08-B7EE-89F2363E8910}.ReleaseMonoPY3|x64.Build.0 = Release|Any CPU
		{969B48D6-14F9-4B08-B7EE-89F2363E8910}.ReleaseMonoPY3|x86.ActiveCfg = Release|Any CPU
		{969B48D6-14F9-4B08-B7EE-89F2363E8910}.ReleaseMonoPY3|x86.Build.0 = Release|Any CPU
		{969B48D6-14F9-4B08-B7EE-89F2363E8910}.ReleaseWin|Any CPU.ActiveCfg = Release|Any CPU
		{969B48D6-14F9-4B08-B7EE-89F2363E8910}.ReleaseWin|Any CPU.Build.0 = Release|Any CPU
		{969B48D6-14F9-4B08-B7EE-89F2363E8910}.ReleaseWin|x64.ActiveCfg = Release|Any CPU
		{969B48D6-14F9-4B08-B7EE-89F2363E8910}.ReleaseWin|x64.Build.0 = Release|Any CPU
		{969B48D6-14F9-4B08-B7EE-89F2363E8910}.ReleaseWin|x86.ActiveCfg = Release|Any CPU
		{969B48D6-14F9-4B08-B7EE-89F2363E8910}.ReleaseWin|x86.Build.0 = Release|Any CPU
		{969B48D6-14F9-4B08-B7EE-89F2363E8910}.ReleaseWinPY3|Any CPU.ActiveCfg = Release|Any CPU
		{969B48D6-14F9-4B08-B7EE-89F2363E8910}.ReleaseWinPY3|Any CPU.Build.0 = Release|Any CPU
		{969B48D6-14F9-4B08-B7EE-89F2363E8910}.ReleaseWinPY3|x64.ActiveCfg = Release|Any CPU
		{969B48D6-14F9-4B08-B7EE-89F2363E8910}.ReleaseWinPY3|x64.Build.0 = Release|Any CPU
		{969B48D6-14F9-4B08-B7EE-89F2363E8910}.ReleaseWinPY3|x86.ActiveCfg = Release|Any CPU
		{969B48D6-14F9-4B08-B7EE-89F2363E8910}.ReleaseWinPY3|x86.Build.0 = Release|Any CPU
	EndGlobalSection
	GlobalSection(SolutionProperties) = preSolution
		HideSolutionNode = FALSE
	EndGlobalSection
	GlobalSection(NestedProjects) = preSolution
		{11C968A1-359F-4C1A-944E-FB95434CBC9D} = {628E03D2-94D2-4953-85FB-F2683762EA83}
		{84DEF76F-99A8-4668-A0CF-2BCF7EB3D2A4} = {6EB0722D-7D67-4EB0-903B-EDFA997AA2EA}
		{1C58F68F-E109-4A24-B8EA-FA7B10465813} = {8AE0A061-C3AA-4B76-8EDE-0BCB33C2AA40}
		{19601B53-03F9-4A00-A363-6D700C970513} = {6EB0722D-7D67-4EB0-903B-EDFA997AA2EA}
		{969B48D6-14F9-4B08-B7EE-89F2363E8910} = {8AE0A061-C3AA-4B76-8EDE-0BCB33C2AA40}
	EndGlobalSection
	GlobalSection(ExtensibilityGlobals) = postSolution
		SolutionGuid = {C1BF1757-C214-4BF1-A3E2-B93B4CDF1F18}
	EndGlobalSection
EndGlobal
